// !$*UTF8*$!
{
	archiveVersion = 1;
	classes = {
	};
	objectVersion = 50;
	objects = {

/* Begin PBXBuildFile section */
		248DE009258B1D8B009F4AEF /* AppDelegate.swift in Sources */ = {isa = PBXBuildFile; fileRef = 248DE008258B1D8B009F4AEF /* AppDelegate.swift */; };
		248DE00B258B1D8B009F4AEF /* SceneDelegate.swift in Sources */ = {isa = PBXBuildFile; fileRef = 248DE00A258B1D8B009F4AEF /* SceneDelegate.swift */; };
		248DE00D258B1D8B009F4AEF /* ViewController.swift in Sources */ = {isa = PBXBuildFile; fileRef = 248DE00C258B1D8B009F4AEF /* ViewController.swift */; };
		248DE010258B1D8B009F4AEF /* Main.storyboard in Resources */ = {isa = PBXBuildFile; fileRef = 248DE00E258B1D8B009F4AEF /* Main.storyboard */; };
		248DE012258B1D8F009F4AEF /* Assets.xcassets in Resources */ = {isa = PBXBuildFile; fileRef = 248DE011258B1D8F009F4AEF /* Assets.xcassets */; };
		248DE015258B1D8F009F4AEF /* LaunchScreen.storyboard in Resources */ = {isa = PBXBuildFile; fileRef = 248DE013258B1D8F009F4AEF /* LaunchScreen.storyboard */; };
		248DE020258B1D8F009F4AEF /* cafeTests.swift in Sources */ = {isa = PBXBuildFile; fileRef = 248DE01F258B1D8F009F4AEF /* cafeTests.swift */; };
		248DE02B258B1D8F009F4AEF /* cafeUITests.swift in Sources */ = {isa = PBXBuildFile; fileRef = 248DE02A258B1D8F009F4AEF /* cafeUITests.swift */; };
/* End PBXBuildFile section */

/* Begin PBXContainerItemProxy section */
		248DE01C258B1D8F009F4AEF /* PBXContainerItemProxy */ = {
			isa = PBXContainerItemProxy;
			containerPortal = 248DDFFD258B1D8B009F4AEF /* Project object */;
			proxyType = 1;
			remoteGlobalIDString = 248DE004258B1D8B009F4AEF;
			remoteInfo = cafe;
		};
		248DE027258B1D8F009F4AEF /* PBXContainerItemProxy */ = {
			isa = PBXContainerItemProxy;
			containerPortal = 248DDFFD258B1D8B009F4AEF /* Project object */;
			proxyType = 1;
			remoteGlobalIDString = 248DE004258B1D8B009F4AEF;
			remoteInfo = cafe;
		};
/* End PBXContainerItemProxy section */

/* Begin PBXFileReference section */
		248DE005258B1D8B009F4AEF /* cafe.app */ = {isa = PBXFileReference; explicitFileType = wrapper.application; includeInIndex = 0; path = cafe.app; sourceTree = BUILT_PRODUCTS_DIR; };
		248DE008258B1D8B009F4AEF /* AppDelegate.swift */ = {isa = PBXFileReference; lastKnownFileType = sourcecode.swift; path = AppDelegate.swift; sourceTree = "<group>"; };
		248DE00A258B1D8B009F4AEF /* SceneDelegate.swift */ = {isa = PBXFileReference; lastKnownFileType = sourcecode.swift; path = SceneDelegate.swift; sourceTree = "<group>"; };
		248DE00C258B1D8B009F4AEF /* ViewController.swift */ = {isa = PBXFileReference; lastKnownFileType = sourcecode.swift; path = ViewController.swift; sourceTree = "<group>"; };
		248DE00F258B1D8B009F4AEF /* Base */ = {isa = PBXFileReference; lastKnownFileType = file.storyboard; name = Base; path = Base.lproj/Main.storyboard; sourceTree = "<group>"; };
		248DE011258B1D8F009F4AEF /* Assets.xcassets */ = {isa = PBXFileReference; lastKnownFileType = folder.assetcatalog; path = Assets.xcassets; sourceTree = "<group>"; };
		248DE014258B1D8F009F4AEF /* Base */ = {isa = PBXFileReference; lastKnownFileType = file.storyboard; name = Base; path = Base.lproj/LaunchScreen.storyboard; sourceTree = "<group>"; };
		248DE016258B1D8F009F4AEF /* Info.plist */ = {isa = PBXFileReference; lastKnownFileType = text.plist.xml; path = Info.plist; sourceTree = "<group>"; };
		248DE01B258B1D8F009F4AEF /* cafeTests.xctest */ = {isa = PBXFileReference; explicitFileType = wrapper.cfbundle; includeInIndex = 0; path = cafeTests.xctest; sourceTree = BUILT_PRODUCTS_DIR; };
		248DE01F258B1D8F009F4AEF /* cafeTests.swift */ = {isa = PBXFileReference; lastKnownFileType = sourcecode.swift; path = cafeTests.swift; sourceTree = "<group>"; };
		248DE021258B1D8F009F4AEF /* Info.plist */ = {isa = PBXFileReference; lastKnownFileType = text.plist.xml; path = Info.plist; sourceTree = "<group>"; };
		248DE026258B1D8F009F4AEF /* cafeUITests.xctest */ = {isa = PBXFileReference; explicitFileType = wrapper.cfbundle; includeInIndex = 0; path = cafeUITests.xctest; sourceTree = BUILT_PRODUCTS_DIR; };
		248DE02A258B1D8F009F4AEF /* cafeUITests.swift */ = {isa = PBXFileReference; lastKnownFileType = sourcecode.swift; path = cafeUITests.swift; sourceTree = "<group>"; };
		248DE02C258B1D8F009F4AEF /* Info.plist */ = {isa = PBXFileReference; lastKnownFileType = text.plist.xml; path = Info.plist; sourceTree = "<group>"; };
/* End PBXFileReference section */

/* Begin PBXFrameworksBuildPhase section */
		248DE002258B1D8B009F4AEF /* Frameworks */ = {
			isa = PBXFrameworksBuildPhase;
			buildActionMask = 2147483647;
			files = (
			);
			runOnlyForDeploymentPostprocessing = 0;
		};
		248DE018258B1D8F009F4AEF /* Frameworks */ = {
			isa = PBXFrameworksBuildPhase;
			buildActionMask = 2147483647;
			files = (
			);
			runOnlyForDeploymentPostprocessing = 0;
		};
		248DE023258B1D8F009F4AEF /* Frameworks */ = {
			isa = PBXFrameworksBuildPhase;
			buildActionMask = 2147483647;
			files = (
			);
			runOnlyForDeploymentPostprocessing = 0;
		};
/* End PBXFrameworksBuildPhase section */

/* Begin PBXGroup section */
		248DDFFC258B1D8B009F4AEF = {
			isa = PBXGroup;
			children = (
				248DE007258B1D8B009F4AEF /* cafe */,
				248DE01E258B1D8F009F4AEF /* cafeTests */,
				248DE029258B1D8F009F4AEF /* cafeUITests */,
				248DE006258B1D8B009F4AEF /* Products */,
			);
			sourceTree = "<group>";
		};
		248DE006258B1D8B009F4AEF /* Products */ = {
			isa = PBXGroup;
			children = (
				248DE005258B1D8B009F4AEF /* cafe.app */,
				248DE01B258B1D8F009F4AEF /* cafeTests.xctest */,
				248DE026258B1D8F009F4AEF /* cafeUITests.xctest */,
			);
			name = Products;
			sourceTree = "<group>";
		};
		248DE007258B1D8B009F4AEF /* cafe */ = {
			isa = PBXGroup;
			children = (
				248DE008258B1D8B009F4AEF /* AppDelegate.swift */,
				248DE00A258B1D8B009F4AEF /* SceneDelegate.swift */,
				248DE00C258B1D8B009F4AEF /* ViewController.swift */,
				248DE00E258B1D8B009F4AEF /* Main.storyboard */,
				248DE011258B1D8F009F4AEF /* Assets.xcassets */,
				248DE013258B1D8F009F4AEF /* LaunchScreen.storyboard */,
				248DE016258B1D8F009F4AEF /* Info.plist */,
			);
			path = cafe;
			sourceTree = "<group>";
		};
		248DE01E258B1D8F009F4AEF /* cafeTests */ = {
			isa = PBXGroup;
			children = (
				248DE01F258B1D8F009F4AEF /* cafeTests.swift */,
				248DE021258B1D8F009F4AEF /* Info.plist */,
			);
			path = cafeTests;
			sourceTree = "<group>";
		};
		248DE029258B1D8F009F4AEF /* cafeUITests */ = {
			isa = PBXGroup;
			children = (
				248DE02A258B1D8F009F4AEF /* cafeUITests.swift */,
				248DE02C258B1D8F009F4AEF /* Info.plist */,
			);
			path = cafeUITests;
			sourceTree = "<group>";
		};
/* End PBXGroup section */

/* Begin PBXNativeTarget section */
		248DE004258B1D8B009F4AEF /* cafe */ = {
			isa = PBXNativeTarget;
			buildConfigurationList = 248DE02F258B1D8F009F4AEF /* Build configuration list for PBXNativeTarget "cafe" */;
			buildPhases = (
				248DE001258B1D8B009F4AEF /* Sources */,
				248DE002258B1D8B009F4AEF /* Frameworks */,
				248DE003258B1D8B009F4AEF /* Resources */,
			);
			buildRules = (
			);
			dependencies = (
			);
			name = cafe;
			productName = cafe;
			productReference = 248DE005258B1D8B009F4AEF /* cafe.app */;
			productType = "com.apple.product-type.application";
		};
		248DE01A258B1D8F009F4AEF /* cafeTests */ = {
			isa = PBXNativeTarget;
			buildConfigurationList = 248DE032258B1D8F009F4AEF /* Build configuration list for PBXNativeTarget "cafeTests" */;
			buildPhases = (
				248DE017258B1D8F009F4AEF /* Sources */,
				248DE018258B1D8F009F4AEF /* Frameworks */,
				248DE019258B1D8F009F4AEF /* Resources */,
			);
			buildRules = (
			);
			dependencies = (
				248DE01D258B1D8F009F4AEF /* PBXTargetDependency */,
			);
			name = cafeTests;
			productName = cafeTests;
			productReference = 248DE01B258B1D8F009F4AEF /* cafeTests.xctest */;
			productType = "com.apple.product-type.bundle.unit-test";
		};
		248DE025258B1D8F009F4AEF /* cafeUITests */ = {
			isa = PBXNativeTarget;
			buildConfigurationList = 248DE035258B1D8F009F4AEF /* Build configuration list for PBXNativeTarget "cafeUITests" */;
			buildPhases = (
				248DE022258B1D8F009F4AEF /* Sources */,
				248DE023258B1D8F009F4AEF /* Frameworks */,
				248DE024258B1D8F009F4AEF /* Resources */,
			);
			buildRules = (
			);
			dependencies = (
				248DE028258B1D8F009F4AEF /* PBXTargetDependency */,
			);
			name = cafeUITests;
			productName = cafeUITests;
			productReference = 248DE026258B1D8F009F4AEF /* cafeUITests.xctest */;
			productType = "com.apple.product-type.bundle.ui-testing";
		};
/* End PBXNativeTarget section */

/* Begin PBXProject section */
		248DDFFD258B1D8B009F4AEF /* Project object */ = {
			isa = PBXProject;
			attributes = {
				LastSwiftUpdateCheck = 1220;
				LastUpgradeCheck = 1220;
				TargetAttributes = {
					248DE004258B1D8B009F4AEF = {
						CreatedOnToolsVersion = 12.2;
					};
					248DE01A258B1D8F009F4AEF = {
						CreatedOnToolsVersion = 12.2;
						TestTargetID = 248DE004258B1D8B009F4AEF;
					};
					248DE025258B1D8F009F4AEF = {
						CreatedOnToolsVersion = 12.2;
						TestTargetID = 248DE004258B1D8B009F4AEF;
					};
				};
			};
			buildConfigurationList = 248DE000258B1D8B009F4AEF /* Build configuration list for PBXProject "cafe" */;
			compatibilityVersion = "Xcode 9.3";
			developmentRegion = en;
			hasScannedForEncodings = 0;
			knownRegions = (
				en,
				Base,
			);
			mainGroup = 248DDFFC258B1D8B009F4AEF;
			productRefGroup = 248DE006258B1D8B009F4AEF /* Products */;
			projectDirPath = "";
			projectRoot = "";
			targets = (
				248DE004258B1D8B009F4AEF /* cafe */,
				248DE01A258B1D8F009F4AEF /* cafeTests */,
				248DE025258B1D8F009F4AEF /* cafeUITests */,
			);
		};
/* End PBXProject section */

/* Begin PBXResourcesBuildPhase section */
		248DE003258B1D8B009F4AEF /* Resources */ = {
			isa = PBXResourcesBuildPhase;
			buildActionMask = 2147483647;
			files = (
				248DE015258B1D8F009F4AEF /* LaunchScreen.storyboard in Resources */,
				248DE012258B1D8F009F4AEF /* Assets.xcassets in Resources */,
				248DE010258B1D8B009F4AEF /* Main.storyboard in Resources */,
			);
			runOnlyForDeploymentPostprocessing = 0;
		};
		248DE019258B1D8F009F4AEF /* Resources */ = {
			isa = PBXResourcesBuildPhase;
			buildActionMask = 2147483647;
			files = (
			);
			runOnlyForDeploymentPostprocessing = 0;
		};
		248DE024258B1D8F009F4AEF /* Resources */ = {
			isa = PBXResourcesBuildPhase;
			buildActionMask = 2147483647;
			files = (
			);
			runOnlyForDeploymentPostprocessing = 0;
		};
/* End PBXResourcesBuildPhase section */

/* Begin PBXSourcesBuildPhase section */
		248DE001258B1D8B009F4AEF /* Sources */ = {
			isa = PBXSourcesBuildPhase;
			buildActionMask = 2147483647;
			files = (
				248DE00D258B1D8B009F4AEF /* ViewController.swift in Sources */,
				248DE009258B1D8B009F4AEF /* AppDelegate.swift in Sources */,
				248DE00B258B1D8B009F4AEF /* SceneDelegate.swift in Sources */,
			);
			runOnlyForDeploymentPostprocessing = 0;
		};
		248DE017258B1D8F009F4AEF /* Sources */ = {
			isa = PBXSourcesBuildPhase;
			buildActionMask = 2147483647;
			files = (
				248DE020258B1D8F009F4AEF /* cafeTests.swift in Sources */,
			);
			runOnlyForDeploymentPostprocessing = 0;
		};
		248DE022258B1D8F009F4AEF /* Sources */ = {
			isa = PBXSourcesBuildPhase;
			buildActionMask = 2147483647;
			files = (
				248DE02B258B1D8F009F4AEF /* cafeUITests.swift in Sources */,
			);
			runOnlyForDeploymentPostprocessing = 0;
		};
/* End PBXSourcesBuildPhase section */

/* Begin PBXTargetDependency section */
		248DE01D258B1D8F009F4AEF /* PBXTargetDependency */ = {
			isa = PBXTargetDependency;
			target = 248DE004258B1D8B009F4AEF /* cafe */;
			targetProxy = 248DE01C258B1D8F009F4AEF /* PBXContainerItemProxy */;
		};
		248DE028258B1D8F009F4AEF /* PBXTargetDependency */ = {
			isa = PBXTargetDependency;
			target = 248DE004258B1D8B009F4AEF /* cafe */;
			targetProxy = 248DE027258B1D8F009F4AEF /* PBXContainerItemProxy */;
		};
/* End PBXTargetDependency section */

/* Begin PBXVariantGroup section */
		248DE00E258B1D8B009F4AEF /* Main.storyboard */ = {
			isa = PBXVariantGroup;
			children = (
				248DE00F258B1D8B009F4AEF /* Base */,
			);
			name = Main.storyboard;
			sourceTree = "<group>";
		};
		248DE013258B1D8F009F4AEF /* LaunchScreen.storyboard */ = {
			isa = PBXVariantGroup;
			children = (
				248DE014258B1D8F009F4AEF /* Base */,
			);
			name = LaunchScreen.storyboard;
			sourceTree = "<group>";
		};
/* End PBXVariantGroup section */

/* Begin XCBuildConfiguration section */
		248DE02D258B1D8F009F4AEF /* Debug */ = {
			isa = XCBuildConfiguration;
			buildSettings = {
				ALWAYS_SEARCH_USER_PATHS = NO;
				CLANG_ANALYZER_NONNULL = YES;
				CLANG_ANALYZER_NUMBER_OBJECT_CONVERSION = YES_AGGRESSIVE;
				CLANG_CXX_LANGUAGE_STANDARD = "gnu++14";
				CLANG_CXX_LIBRARY = "libc++";
				CLANG_ENABLE_MODULES = YES;
				CLANG_ENABLE_OBJC_ARC = YES;
				CLANG_ENABLE_OBJC_WEAK = YES;
				CLANG_WARN_BLOCK_CAPTURE_AUTORELEASING = YES;
				CLANG_WARN_BOOL_CONVERSION = YES;
				CLANG_WARN_COMMA = YES;
				CLANG_WARN_CONSTANT_CONVERSION = YES;
				CLANG_WARN_DEPRECATED_OBJC_IMPLEMENTATIONS = YES;
				CLANG_WARN_DIRECT_OBJC_ISA_USAGE = YES_ERROR;
				CLANG_WARN_DOCUMENTATION_COMMENTS = YES;
				CLANG_WARN_EMPTY_BODY = YES;
				CLANG_WARN_ENUM_CONVERSION = YES;
				CLANG_WARN_INFINITE_RECURSION = YES;
				CLANG_WARN_INT_CONVERSION = YES;
				CLANG_WARN_NON_LITERAL_NULL_CONVERSION = YES;
				CLANG_WARN_OBJC_IMPLICIT_RETAIN_SELF = YES;
				CLANG_WARN_OBJC_LITERAL_CONVERSION = YES;
				CLANG_WARN_OBJC_ROOT_CLASS = YES_ERROR;
				CLANG_WARN_QUOTED_INCLUDE_IN_FRAMEWORK_HEADER = YES;
				CLANG_WARN_RANGE_LOOP_ANALYSIS = YES;
				CLANG_WARN_STRICT_PROTOTYPES = YES;
				CLANG_WARN_SUSPICIOUS_MOVE = YES;
				CLANG_WARN_UNGUARDED_AVAILABILITY = YES_AGGRESSIVE;
				CLANG_WARN_UNREACHABLE_CODE = YES;
				CLANG_WARN__DUPLICATE_METHOD_MATCH = YES;
				COPY_PHASE_STRIP = NO;
				DEBUG_INFORMATION_FORMAT = dwarf;
				ENABLE_STRICT_OBJC_MSGSEND = YES;
				ENABLE_TESTABILITY = YES;
				GCC_C_LANGUAGE_STANDARD = gnu11;
				GCC_DYNAMIC_NO_PIC = NO;
				GCC_NO_COMMON_BLOCKS = YES;
				GCC_OPTIMIZATION_LEVEL = 0;
				GCC_PREPROCESSOR_DEFINITIONS = (
					"DEBUG=1",
					"$(inherited)",
				);
				GCC_WARN_64_TO_32_BIT_CONVERSION = YES;
				GCC_WARN_ABOUT_RETURN_TYPE = YES_ERROR;
				GCC_WARN_UNDECLARED_SELECTOR = YES;
				GCC_WARN_UNINITIALIZED_AUTOS = YES_AGGRESSIVE;
				GCC_WARN_UNUSED_FUNCTION = YES;
				GCC_WARN_UNUSED_VARIABLE = YES;
				IPHONEOS_DEPLOYMENT_TARGET = 14.2;
				MTL_ENABLE_DEBUG_INFO = INCLUDE_SOURCE;
				MTL_FAST_MATH = YES;
				ONLY_ACTIVE_ARCH = YES;
				SDKROOT = iphoneos;
				SWIFT_ACTIVE_COMPILATION_CONDITIONS = DEBUG;
				SWIFT_OPTIMIZATION_LEVEL = "-Onone";
			};
			name = Debug;
		};
		248DE02E258B1D8F009F4AEF /* Release */ = {
			isa = XCBuildConfiguration;
			buildSettings = {
				ALWAYS_SEARCH_USER_PATHS = NO;
				CLANG_ANALYZER_NONNULL = YES;
				CLANG_ANALYZER_NUMBER_OBJECT_CONVERSION = YES_AGGRESSIVE;
				CLANG_CXX_LANGUAGE_STANDARD = "gnu++14";
				CLANG_CXX_LIBRARY = "libc++";
				CLANG_ENABLE_MODULES = YES;
				CLANG_ENABLE_OBJC_ARC = YES;
				CLANG_ENABLE_OBJC_WEAK = YES;
				CLANG_WARN_BLOCK_CAPTURE_AUTORELEASING = YES;
				CLANG_WARN_BOOL_CONVERSION = YES;
				CLANG_WARN_COMMA = YES;
				CLANG_WARN_CONSTANT_CONVERSION = YES;
				CLANG_WARN_DEPRECATED_OBJC_IMPLEMENTATIONS = YES;
				CLANG_WARN_DIRECT_OBJC_ISA_USAGE = YES_ERROR;
				CLANG_WARN_DOCUMENTATION_COMMENTS = YES;
				CLANG_WARN_EMPTY_BODY = YES;
				CLANG_WARN_ENUM_CONVERSION = YES;
				CLANG_WARN_INFINITE_RECURSION = YES;
				CLANG_WARN_INT_CONVERSION = YES;
				CLANG_WARN_NON_LITERAL_NULL_CONVERSION = YES;
				CLANG_WARN_OBJC_IMPLICIT_RETAIN_SELF = YES;
				CLANG_WARN_OBJC_LITERAL_CONVERSION = YES;
				CLANG_WARN_OBJC_ROOT_CLASS = YES_ERROR;
				CLANG_WARN_QUOTED_INCLUDE_IN_FRAMEWORK_HEADER = YES;
				CLANG_WARN_RANGE_LOOP_ANALYSIS = YES;
				CLANG_WARN_STRICT_PROTOTYPES = YES;
				CLANG_WARN_SUSPICIOUS_MOVE = YES;
				CLANG_WARN_UNGUARDED_AVAILABILITY = YES_AGGRESSIVE;
				CLANG_WARN_UNREACHABLE_CODE = YES;
				CLANG_WARN__DUPLICATE_METHOD_MATCH = YES;
				COPY_PHASE_STRIP = NO;
				DEBUG_INFORMATION_FORMAT = "dwarf-with-dsym";
				ENABLE_NS_ASSERTIONS = NO;
				ENABLE_STRICT_OBJC_MSGSEND = YES;
				GCC_C_LANGUAGE_STANDARD = gnu11;
				GCC_NO_COMMON_BLOCKS = YES;
				GCC_WARN_64_TO_32_BIT_CONVERSION = YES;
				GCC_WARN_ABOUT_RETURN_TYPE = YES_ERROR;
				GCC_WARN_UNDECLARED_SELECTOR = YES;
				GCC_WARN_UNINITIALIZED_AUTOS = YES_AGGRESSIVE;
				GCC_WARN_UNUSED_FUNCTION = YES;
				GCC_WARN_UNUSED_VARIABLE = YES;
				IPHONEOS_DEPLOYMENT_TARGET = 14.2;
				MTL_ENABLE_DEBUG_INFO = NO;
				MTL_FAST_MATH = YES;
				SDKROOT = iphoneos;
				SWIFT_COMPILATION_MODE = wholemodule;
				SWIFT_OPTIMIZATION_LEVEL = "-O";
				VALIDATE_PRODUCT = YES;
			};
			name = Release;
		};
		248DE030258B1D8F009F4AEF /* Debug */ = {
			isa = XCBuildConfiguration;
			buildSettings = {
				ASSETCATALOG_COMPILER_APPICON_NAME = AppIcon;
				ASSETCATALOG_COMPILER_GLOBAL_ACCENT_COLOR_NAME = AccentColor;
				CODE_SIGN_STYLE = Automatic;
				INFOPLIST_FILE = cafe/Info.plist;
				LD_RUNPATH_SEARCH_PATHS = (
					"$(inherited)",
					"@executable_path/Frameworks",
				);
				PRODUCT_BUNDLE_IDENTIFIER = arbe.cafe;
				PRODUCT_NAME = "$(TARGET_NAME)";
				SWIFT_VERSION = 5.0;
				TARGETED_DEVICE_FAMILY = "1,2";
			};
			name = Debug;
		};
		248DE031258B1D8F009F4AEF /* Release */ = {
			isa = XCBuildConfiguration;
			buildSettings = {
				ASSETCATALOG_COMPILER_APPICON_NAME = AppIcon;
				ASSETCATALOG_COMPILER_GLOBAL_ACCENT_COLOR_NAME = AccentColor;
				CODE_SIGN_STYLE = Automatic;
				INFOPLIST_FILE = cafe/Info.plist;
				LD_RUNPATH_SEARCH_PATHS = (
					"$(inherited)",
					"@executable_path/Frameworks",
				);
				PRODUCT_BUNDLE_IDENTIFIER = arbe.cafe;
				PRODUCT_NAME = "$(TARGET_NAME)";
				SWIFT_VERSION = 5.0;
				TARGETED_DEVICE_FAMILY = "1,2";
			};
			name = Release;
		};
		248DE033258B1D8F009F4AEF /* Debug */ = {
			isa = XCBuildConfiguration;
			buildSettings = {
				ALWAYS_EMBED_SWIFT_STANDARD_LIBRARIES = YES;
				BUNDLE_LOADER = "$(TEST_HOST)";
				CODE_SIGN_STYLE = Automatic;
				INFOPLIST_FILE = cafeTests/Info.plist;
				IPHONEOS_DEPLOYMENT_TARGET = 14.2;
				LD_RUNPATH_SEARCH_PATHS = (
					"$(inherited)",
					"@executable_path/Frameworks",
					"@loader_path/Frameworks",
				);
				PRODUCT_BUNDLE_IDENTIFIER = arbe.cafeTests;
				PRODUCT_NAME = "$(TARGET_NAME)";
				SWIFT_VERSION = 5.0;
				TARGETED_DEVICE_FAMILY = "1,2";
				TEST_HOST = "$(BUILT_PRODUCTS_DIR)/cafe.app/cafe";
			};
			name = Debug;
		};
		248DE034258B1D8F009F4AEF /* Release */ = {
			isa = XCBuildConfiguration;
			buildSettings = {
				ALWAYS_EMBED_SWIFT_STANDARD_LIBRARIES = YES;
				BUNDLE_LOADER = "$(TEST_HOST)";
				CODE_SIGN_STYLE = Automatic;
				INFOPLIST_FILE = cafeTests/Info.plist;
				IPHONEOS_DEPLOYMENT_TARGET = 14.2;
				LD_RUNPATH_SEARCH_PATHS = (
					"$(inherited)",
					"@executable_path/Frameworks",
					"@loader_path/Frameworks",
				);
				PRODUCT_BUNDLE_IDENTIFIER = arbe.cafeTests;
				PRODUCT_NAME = "$(TARGET_NAME)";
				SWIFT_VERSION = 5.0;
				TARGETED_DEVICE_FAMILY = "1,2";
				TEST_HOST = "$(BUILT_PRODUCTS_DIR)/cafe.app/cafe";
			};
			name = Release;
		};
		248DE036258B1D8F009F4AEF /* Debug */ = {
			isa = XCBuildConfiguration;
			buildSettings = {
				ALWAYS_EMBED_SWIFT_STANDARD_LIBRARIES = YES;
				CODE_SIGN_STYLE = Automatic;
				INFOPLIST_FILE = cafeUITests/Info.plist;
				LD_RUNPATH_SEARCH_PATHS = (
					"$(inherited)",
					"@executable_path/Frameworks",
					"@loader_path/Frameworks",
				);
				PRODUCT_BUNDLE_IDENTIFIER = arbe.cafeUITests;
				PRODUCT_NAME = "$(TARGET_NAME)";
				SWIFT_VERSION = 5.0;
				TARGETED_DEVICE_FAMILY = "1,2";
				TEST_TARGET_NAME = cafe;
			};
			name = Debug;
		};
		248DE037258B1D8F009F4AEF /* Release */ = {
			isa = XCBuildConfiguration;
			buildSettings = {
				ALWAYS_EMBED_SWIFT_STANDARD_LIBRARIES = YES;
				CODE_SIGN_STYLE = Automatic;
				INFOPLIST_FILE = cafeUITests/Info.plist;
				LD_RUNPATH_SEARCH_PATHS = (
					"$(inherited)",
					"@executable_path/Frameworks",
					"@loader_path/Frameworks",
				);
				PRODUCT_BUNDLE_IDENTIFIER = arbe.cafeUITests;
				PRODUCT_NAME = "$(TARGET_NAME)";
				SWIFT_VERSION = 5.0;
				TARGETED_DEVICE_FAMILY = "1,2";
				TEST_TARGET_NAME = cafe;
			};
			name = Release;
		};
/* End XCBuildConfiguration section */

/* Begin XCConfigurationList section */
		248DE000258B1D8B009F4AEF /* Build configuration list for PBXProject "cafe" */ = {
			isa = XCConfigurationList;
			buildConfigurations = (
				248DE02D258B1D8F009F4AEF /* Debug */,
				248DE02E258B1D8F009F4AEF /* Release */,
			);
			defaultConfigurationIsVisible = 0;
			defaultConfigurationName = Release;
		};
		248DE02F258B1D8F009F4AEF /* Build configuration list for PBXNativeTarget "cafe" */ = {
			isa = XCConfigurationList;
			buildConfigurations = (
				248DE030258B1D8F009F4AEF /* Debug */,
				248DE031258B1D8F009F4AEF /* Release */,
			);
			defaultConfigurationIsVisible = 0;
			defaultConfigurationName = Release;
		};
		248DE032258B1D8F009F4AEF /* Build configuration list for PBXNativeTarget "cafeTests" */ = {
			isa = XCConfigurationList;
			buildConfigurations = (
				248DE033258B1D8F009F4AEF /* Debug */,
				248DE034258B1D8F009F4AEF /* Release */,
			);
			defaultConfigurationIsVisible = 0;
			defaultConfigurationName = Release;
		};
		248DE035258B1D8F009F4AEF /* Build configuration list for PBXNativeTarget "cafeUITests" */ = {
			isa = XCConfigurationList;
			buildConfigurations = (
				248DE036258B1D8F009F4AEF /* Debug */,
				248DE037258B1D8F009F4AEF /* Release */,
			);
			defaultConfigurationIsVisible = 0;
			defaultConfigurationName = Release;
		};
/* End XCConfigurationList section */
	};
	rootObject = 248DDFFD258B1D8B009F4AEF /* Project object */;
}
